github.com/caarlos0/env/v11 v11.2.2 h1:95fApNrUyueipoZN/EhA8mMxiNxrBwDa+oAZrMWl3Kg=
github.com/caarlos0/env/v11 v11.2.2/go.mod h1:JBfcdeQiBoI3Zh1QRAWfe+tpiNTmDtcCj/hHHHMx0vc=
github.com/lib/pq v1.10.9 h1:YXG7RB+JIjhP29X+OtkiDnYaXQwpS4JEWq7dtCCRUEw=
github.com/lib/pq v1.10.9/go.mod h1:AlVN5x4E4T544tWzH6hKfbfQvm3HdbOxrmggDNAPY9o=
